PODS:
  - boost-for-react-native (1.63.0)
  - CocoaAsyncSocket (7.6.5)
  - DoubleConversion (1.1.6)
  - FBLazyVector (0.65.0-rc.4)
  - FBReactNativeSpec (0.65.0-rc.4):
    - RCT-Folly (= 2021.04.26.00)
    - RCTRequired (= 0.65.0-rc.4)
    - RCTTypeSafety (= 0.65.0-rc.4)
    - React-Core (= 0.65.0-rc.4)
    - React-jsi (= 0.65.0-rc.4)
    - ReactCommon/turbomodule/core (= 0.65.0-rc.4)
  - Flipper (0.100.0):
    - Flipper-Folly (~> 2.6)
    - Flipper-RSocket (~> 1.4)
  - Flipper-Boost-iOSX (1.76.0.1.11)
  - Flipper-DoubleConversion (3.1.7)
  - Flipper-Fmt (7.1.7)
  - Flipper-Folly (2.6.9):
    - Flipper-Boost-iOSX
    - Flipper-DoubleConversion
    - Flipper-Fmt (= 7.1.7)
    - Flipper-Glog
    - libevent (~> 2.1.12)
    - OpenSSL-Universal (= 1.1.1100)
  - Flipper-Glog (0.3.9)
  - Flipper-PeerTalk (0.0.4)
  - Flipper-RSocket (1.4.3):
    - Flipper-Folly (~> 2.6)
  - FlipperKit (0.100.0):
    - FlipperKit/Core (= 0.100.0)
  - FlipperKit/Core (0.100.0):
    - Flipper (~> 0.100.0)
    - FlipperKit/CppBridge
    - FlipperKit/FBCxxFollyDynamicConvert
    - FlipperKit/FBDefines
    - FlipperKit/FKPortForwarding
  - FlipperKit/CppBridge (0.100.0):
    - Flipper (~> 0.100.0)
  - FlipperKit/FBCxxFollyDynamicConvert (0.100.0):
    - Flipper-Folly (~> 2.6)
  - FlipperKit/FBDefines (0.100.0)
  - FlipperKit/FKPortForwarding (0.100.0):
    - CocoaAsyncSocket (~> 7.6)
    - Flipper-PeerTalk (~> 0.0.4)
  - FlipperKit/FlipperKitHighlightOverlay (0.100.0)
  - FlipperKit/FlipperKitLayoutHelpers (0.100.0):
    - FlipperKit/Core
    - FlipperKit/FlipperKitHighlightOverlay
    - FlipperKit/FlipperKitLayoutTextSearchable
  - FlipperKit/FlipperKitLayoutIOSDescriptors (0.100.0):
    - FlipperKit/Core
    - FlipperKit/FlipperKitHighlightOverlay
    - FlipperKit/FlipperKitLayoutHelpers
    - YogaKit (~> 1.18)
  - FlipperKit/FlipperKitLayoutPlugin (0.100.0):
    - FlipperKit/Core
    - FlipperKit/FlipperKitHighlightOverlay
    - FlipperKit/FlipperKitLayoutHelpers
    - FlipperKit/FlipperKitLayoutIOSDescriptors
    - FlipperKit/FlipperKitLayoutTextSearchable
    - YogaKit (~> 1.18)
  - FlipperKit/FlipperKitLayoutTextSearchable (0.100.0)
  - FlipperKit/FlipperKitNetworkPlugin (0.100.0):
    - FlipperKit/Core
  - FlipperKit/FlipperKitReactPlugin (0.100.0):
    - FlipperKit/Core
  - FlipperKit/FlipperKitUserDefaultsPlugin (0.100.0):
    - FlipperKit/Core
  - FlipperKit/SKIOSNetworkPlugin (0.100.0):
    - FlipperKit/Core
    - FlipperKit/FlipperKitNetworkPlugin
  - fmt (6.2.1)
  - glog (0.3.5)
  - hermes-engine (0.8.1)
  - libevent (2.1.12)
  - OpenSSL-Universal (1.1.1100)
  - RCT-Folly (2021.04.26.00):
    - boost-for-react-native
    - DoubleConversion
    - fmt (~> 6.2.1)
    - glog
    - RCT-Folly/Default (= 2021.04.26.00)
  - RCT-Folly/Default (2021.04.26.00):
    - boost-for-react-native
    - DoubleConversion
    - fmt (~> 6.2.1)
    - glog
  - RCT-Folly/Futures (2021.04.26.00):
    - boost-for-react-native
    - DoubleConversion
    - fmt (~> 6.2.1)
    - glog
    - libevent
  - RCTRequired (0.65.0-rc.4)
  - RCTTypeSafety (0.65.0-rc.4):
    - FBLazyVector (= 0.65.0-rc.4)
    - RCT-Folly (= 2021.04.26.00)
    - RCTRequired (= 0.65.0-rc.4)
    - React-Core (= 0.65.0-rc.4)
  - React (0.65.0-rc.4):
    - React-Core (= 0.65.0-rc.4)
    - React-Core/DevSupport (= 0.65.0-rc.4)
    - React-Core/RCTWebSocket (= 0.65.0-rc.4)
    - React-RCTActionSheet (= 0.65.0-rc.4)
    - React-RCTAnimation (= 0.65.0-rc.4)
    - React-RCTBlob (= 0.65.0-rc.4)
    - React-RCTImage (= 0.65.0-rc.4)
    - React-RCTLinking (= 0.65.0-rc.4)
    - React-RCTNetwork (= 0.65.0-rc.4)
    - React-RCTSettings (= 0.65.0-rc.4)
    - React-RCTText (= 0.65.0-rc.4)
    - React-RCTVibration (= 0.65.0-rc.4)
  - React-callinvoker (0.65.0-rc.4)
  - React-Core (0.65.0-rc.4):
    - glog
    - RCT-Folly (= 2021.04.26.00)
    - React-Core/Default (= 0.65.0-rc.4)
    - React-cxxreact (= 0.65.0-rc.4)
    - React-jsi (= 0.65.0-rc.4)
    - React-jsiexecutor (= 0.65.0-rc.4)
    - React-perflogger (= 0.65.0-rc.4)
    - Yoga
  - React-Core/CoreModulesHeaders (0.65.0-rc.4):
    - glog
    - RCT-Folly (= 2021.04.26.00)
    - React-Core/Default
    - React-cxxreact (= 0.65.0-rc.4)
    - React-jsi (= 0.65.0-rc.4)
    - React-jsiexecutor (= 0.65.0-rc.4)
    - React-perflogger (= 0.65.0-rc.4)
    - Yoga
  - React-Core/Default (0.65.0-rc.4):
    - glog
    - RCT-Folly (= 2021.04.26.00)
    - React-cxxreact (= 0.65.0-rc.4)
    - React-jsi (= 0.65.0-rc.4)
    - React-jsiexecutor (= 0.65.0-rc.4)
    - React-perflogger (= 0.65.0-rc.4)
    - Yoga
  - React-Core/DevSupport (0.65.0-rc.4):
    - glog
    - RCT-Folly (= 2021.04.26.00)
    - React-Core/Default (= 0.65.0-rc.4)
    - React-Core/RCTWebSocket (= 0.65.0-rc.4)
    - React-cxxreact (= 0.65.0-rc.4)
    - React-jsi (= 0.65.0-rc.4)
    - React-jsiexecutor (= 0.65.0-rc.4)
    - React-jsinspector (= 0.65.0-rc.4)
    - React-perflogger (= 0.65.0-rc.4)
    - Yoga
  - React-Core/RCTActionSheetHeaders (0.65.0-rc.4):
    - glog
    - RCT-Folly (= 2021.04.26.00)
    - React-Core/Default
    - React-cxxreact (= 0.65.0-rc.4)
    - React-jsi (= 0.65.0-rc.4)
    - React-jsiexecutor (= 0.65.0-rc.4)
    - React-perflogger (= 0.65.0-rc.4)
    - Yoga
  - React-Core/RCTAnimationHeaders (0.65.0-rc.4):
    - glog
    - RCT-Folly (= 2021.04.26.00)
    - React-Core/Default
    - React-cxxreact (= 0.65.0-rc.4)
    - React-jsi (= 0.65.0-rc.4)
    - React-jsiexecutor (= 0.65.0-rc.4)
    - React-perflogger (= 0.65.0-rc.4)
    - Yoga
  - React-Core/RCTBlobHeaders (0.65.0-rc.4):
    - glog
    - RCT-Folly (= 2021.04.26.00)
    - React-Core/Default
    - React-cxxreact (= 0.65.0-rc.4)
    - React-jsi (= 0.65.0-rc.4)
    - React-jsiexecutor (= 0.65.0-rc.4)
    - React-perflogger (= 0.65.0-rc.4)
    - Yoga
  - React-Core/RCTImageHeaders (0.65.0-rc.4):
    - glog
    - RCT-Folly (= 2021.04.26.00)
    - React-Core/Default
    - React-cxxreact (= 0.65.0-rc.4)
    - React-jsi (= 0.65.0-rc.4)
    - React-jsiexecutor (= 0.65.0-rc.4)
    - React-perflogger (= 0.65.0-rc.4)
    - Yoga
  - React-Core/RCTLinkingHeaders (0.65.0-rc.4):
    - glog
    - RCT-Folly (= 2021.04.26.00)
    - React-Core/Default
    - React-cxxreact (= 0.65.0-rc.4)
    - React-jsi (= 0.65.0-rc.4)
    - React-jsiexecutor (= 0.65.0-rc.4)
    - React-perflogger (= 0.65.0-rc.4)
    - Yoga
  - React-Core/RCTNetworkHeaders (0.65.0-rc.4):
    - glog
    - RCT-Folly (= 2021.04.26.00)
    - React-Core/Default
    - React-cxxreact (= 0.65.0-rc.4)
    - React-jsi (= 0.65.0-rc.4)
    - React-jsiexecutor (= 0.65.0-rc.4)
    - React-perflogger (= 0.65.0-rc.4)
    - Yoga
  - React-Core/RCTSettingsHeaders (0.65.0-rc.4):
    - glog
    - RCT-Folly (= 2021.04.26.00)
    - React-Core/Default
    - React-cxxreact (= 0.65.0-rc.4)
    - React-jsi (= 0.65.0-rc.4)
    - React-jsiexecutor (= 0.65.0-rc.4)
    - React-perflogger (= 0.65.0-rc.4)
    - Yoga
  - React-Core/RCTTextHeaders (0.65.0-rc.4):
    - glog
    - RCT-Folly (= 2021.04.26.00)
    - React-Core/Default
    - React-cxxreact (= 0.65.0-rc.4)
    - React-jsi (= 0.65.0-rc.4)
    - React-jsiexecutor (= 0.65.0-rc.4)
    - React-perflogger (= 0.65.0-rc.4)
    - Yoga
  - React-Core/RCTVibrationHeaders (0.65.0-rc.4):
    - glog
    - RCT-Folly (= 2021.04.26.00)
    - React-Core/Default
    - React-cxxreact (= 0.65.0-rc.4)
    - React-jsi (= 0.65.0-rc.4)
    - React-jsiexecutor (= 0.65.0-rc.4)
    - React-perflogger (= 0.65.0-rc.4)
    - Yoga
  - React-Core/RCTWebSocket (0.65.0-rc.4):
    - glog
    - RCT-Folly (= 2021.04.26.00)
    - React-Core/Default (= 0.65.0-rc.4)
    - React-cxxreact (= 0.65.0-rc.4)
    - React-jsi (= 0.65.0-rc.4)
    - React-jsiexecutor (= 0.65.0-rc.4)
    - React-perflogger (= 0.65.0-rc.4)
    - Yoga
  - React-CoreModules (0.65.0-rc.4):
    - FBReactNativeSpec (= 0.65.0-rc.4)
    - RCT-Folly (= 2021.04.26.00)
    - RCTTypeSafety (= 0.65.0-rc.4)
    - React-Core/CoreModulesHeaders (= 0.65.0-rc.4)
    - React-jsi (= 0.65.0-rc.4)
    - React-RCTImage (= 0.65.0-rc.4)
    - ReactCommon/turbomodule/core (= 0.65.0-rc.4)
  - React-cxxreact (0.65.0-rc.4):
    - boost-for-react-native (= 1.63.0)
    - DoubleConversion
    - glog
    - RCT-Folly (= 2021.04.26.00)
    - React-callinvoker (= 0.65.0-rc.4)
    - React-jsi (= 0.65.0-rc.4)
    - React-jsinspector (= 0.65.0-rc.4)
    - React-perflogger (= 0.65.0-rc.4)
    - React-runtimeexecutor (= 0.65.0-rc.4)
  - React-hermes (0.65.0-rc.4):
    - DoubleConversion
    - glog
    - hermes-engine
    - RCT-Folly (= 2021.04.26.00)
    - RCT-Folly/Futures (= 2021.04.26.00)
    - React-cxxreact (= 0.65.0-rc.4)
    - React-jsi (= 0.65.0-rc.4)
    - React-jsiexecutor (= 0.65.0-rc.4)
    - React-jsinspector (= 0.65.0-rc.4)
    - React-perflogger (= 0.65.0-rc.4)
  - React-jsi (0.65.0-rc.4):
    - boost-for-react-native (= 1.63.0)
    - DoubleConversion
    - glog
    - RCT-Folly (= 2021.04.26.00)
    - React-jsi/Default (= 0.65.0-rc.4)
  - React-jsi/Default (0.65.0-rc.4):
    - boost-for-react-native (= 1.63.0)
    - DoubleConversion
    - glog
    - RCT-Folly (= 2021.04.26.00)
  - React-jsiexecutor (0.65.0-rc.4):
    - DoubleConversion
    - glog
    - RCT-Folly (= 2021.04.26.00)
    - React-cxxreact (= 0.65.0-rc.4)
    - React-jsi (= 0.65.0-rc.4)
    - React-perflogger (= 0.65.0-rc.4)
  - React-jsinspector (0.65.0-rc.4)
  - react-native-flipper (0.100.0):
    - React-Core
  - React-perflogger (0.65.0-rc.4)
  - React-RCTActionSheet (0.65.0-rc.4):
    - React-Core/RCTActionSheetHeaders (= 0.65.0-rc.4)
  - React-RCTAnimation (0.65.0-rc.4):
    - FBReactNativeSpec (= 0.65.0-rc.4)
    - RCT-Folly (= 2021.04.26.00)
    - RCTTypeSafety (= 0.65.0-rc.4)
    - React-Core/RCTAnimationHeaders (= 0.65.0-rc.4)
    - React-jsi (= 0.65.0-rc.4)
    - ReactCommon/turbomodule/core (= 0.65.0-rc.4)
  - React-RCTBlob (0.65.0-rc.4):
    - FBReactNativeSpec (= 0.65.0-rc.4)
    - RCT-Folly (= 2021.04.26.00)
    - React-Core/RCTBlobHeaders (= 0.65.0-rc.4)
    - React-Core/RCTWebSocket (= 0.65.0-rc.4)
    - React-jsi (= 0.65.0-rc.4)
    - React-RCTNetwork (= 0.65.0-rc.4)
    - ReactCommon/turbomodule/core (= 0.65.0-rc.4)
  - React-RCTImage (0.65.0-rc.4):
    - FBReactNativeSpec (= 0.65.0-rc.4)
    - RCT-Folly (= 2021.04.26.00)
    - RCTTypeSafety (= 0.65.0-rc.4)
    - React-Core/RCTImageHeaders (= 0.65.0-rc.4)
    - React-jsi (= 0.65.0-rc.4)
    - React-RCTNetwork (= 0.65.0-rc.4)
    - ReactCommon/turbomodule/core (= 0.65.0-rc.4)
  - React-RCTLinking (0.65.0-rc.4):
    - FBReactNativeSpec (= 0.65.0-rc.4)
    - React-Core/RCTLinkingHeaders (= 0.65.0-rc.4)
    - React-jsi (= 0.65.0-rc.4)
    - ReactCommon/turbomodule/core (= 0.65.0-rc.4)
  - React-RCTNetwork (0.65.0-rc.4):
    - FBReactNativeSpec (= 0.65.0-rc.4)
    - RCT-Folly (= 2021.04.26.00)
    - RCTTypeSafety (= 0.65.0-rc.4)
    - React-Core/RCTNetworkHeaders (= 0.65.0-rc.4)
    - React-jsi (= 0.65.0-rc.4)
    - ReactCommon/turbomodule/core (= 0.65.0-rc.4)
  - React-RCTSettings (0.65.0-rc.4):
    - FBReactNativeSpec (= 0.65.0-rc.4)
    - RCT-Folly (= 2021.04.26.00)
    - RCTTypeSafety (= 0.65.0-rc.4)
    - React-Core/RCTSettingsHeaders (= 0.65.0-rc.4)
    - React-jsi (= 0.65.0-rc.4)
    - ReactCommon/turbomodule/core (= 0.65.0-rc.4)
  - React-RCTText (0.65.0-rc.4):
    - React-Core/RCTTextHeaders (= 0.65.0-rc.4)
  - React-RCTVibration (0.65.0-rc.4):
    - FBReactNativeSpec (= 0.65.0-rc.4)
    - RCT-Folly (= 2021.04.26.00)
    - React-Core/RCTVibrationHeaders (= 0.65.0-rc.4)
    - React-jsi (= 0.65.0-rc.4)
    - ReactCommon/turbomodule/core (= 0.65.0-rc.4)
  - React-runtimeexecutor (0.65.0-rc.4):
    - React-jsi (= 0.65.0-rc.4)
  - ReactCommon/turbomodule/core (0.65.0-rc.4):
    - DoubleConversion
    - glog
    - RCT-Folly (= 2021.04.26.00)
    - React-callinvoker (= 0.65.0-rc.4)
    - React-Core (= 0.65.0-rc.4)
    - React-cxxreact (= 0.65.0-rc.4)
    - React-jsi (= 0.65.0-rc.4)
    - React-perflogger (= 0.65.0-rc.4)
  - RNCAsyncStorage (1.12.1):
    - React-Core
  - Yoga (1.14.0)
  - YogaKit (1.18.1):
    - Yoga (~> 1.14)

DEPENDENCIES:
  - DoubleConversion (from `../node_modules/react-native/third-party-podspecs/DoubleConversion.podspec`)
  - FBLazyVector (from `../node_modules/react-native/Libraries/FBLazyVector`)
  - FBReactNativeSpec (from `../node_modules/react-native/React/FBReactNativeSpec`)
  - Flipper (= 0.100.0)
  - Flipper-Boost-iOSX (= 1.76.0.1.11)
  - Flipper-DoubleConversion (= 3.1.7)
  - Flipper-Fmt (= 7.1.7)
  - Flipper-Folly (= 2.6.9)
  - Flipper-Glog (= 0.3.9)
  - Flipper-PeerTalk (= 0.0.4)
  - Flipper-RSocket (= 1.4.3)
  - FlipperKit (= 0.100.0)
  - FlipperKit/Core (= 0.100.0)
  - FlipperKit/CppBridge (= 0.100.0)
  - FlipperKit/FBCxxFollyDynamicConvert (= 0.100.0)
  - FlipperKit/FBDefines (= 0.100.0)
  - FlipperKit/FKPortForwarding (= 0.100.0)
  - FlipperKit/FlipperKitHighlightOverlay (= 0.100.0)
  - FlipperKit/FlipperKitLayoutPlugin (= 0.100.0)
  - FlipperKit/FlipperKitLayoutTextSearchable (= 0.100.0)
  - FlipperKit/FlipperKitNetworkPlugin (= 0.100.0)
  - FlipperKit/FlipperKitReactPlugin (= 0.100.0)
  - FlipperKit/FlipperKitUserDefaultsPlugin (= 0.100.0)
  - FlipperKit/SKIOSNetworkPlugin (= 0.100.0)
  - glog (from `../node_modules/react-native/third-party-podspecs/glog.podspec`)
  - hermes-engine (~> 0.8.1)
  - libevent (~> 2.1.12)
  - RCT-Folly (from `../node_modules/react-native/third-party-podspecs/RCT-Folly.podspec`)
  - RCTRequired (from `../node_modules/react-native/Libraries/RCTRequired`)
  - RCTTypeSafety (from `../node_modules/react-native/Libraries/TypeSafety`)
  - React (from `../node_modules/react-native/`)
  - React-callinvoker (from `../node_modules/react-native/ReactCommon/callinvoker`)
  - React-Core (from `../node_modules/react-native/`)
  - React-Core/DevSupport (from `../node_modules/react-native/`)
  - React-Core/RCTWebSocket (from `../node_modules/react-native/`)
  - React-CoreModules (from `../node_modules/react-native/React/CoreModules`)
  - React-cxxreact (from `../node_modules/react-native/ReactCommon/cxxreact`)
  - React-hermes (from `../node_modules/react-native/ReactCommon/hermes`)
  - React-jsi (from `../node_modules/react-native/ReactCommon/jsi`)
  - React-jsiexecutor (from `../node_modules/react-native/ReactCommon/jsiexecutor`)
  - React-jsinspector (from `../node_modules/react-native/ReactCommon/jsinspector`)
  - react-native-flipper (from `../node_modules/react-native-flipper`)
  - React-perflogger (from `../node_modules/react-native/ReactCommon/reactperflogger`)
  - React-RCTActionSheet (from `../node_modules/react-native/Libraries/ActionSheetIOS`)
  - React-RCTAnimation (from `../node_modules/react-native/Libraries/NativeAnimation`)
  - React-RCTBlob (from `../node_modules/react-native/Libraries/Blob`)
  - React-RCTImage (from `../node_modules/react-native/Libraries/Image`)
  - React-RCTLinking (from `../node_modules/react-native/Libraries/LinkingIOS`)
  - React-RCTNetwork (from `../node_modules/react-native/Libraries/Network`)
  - React-RCTSettings (from `../node_modules/react-native/Libraries/Settings`)
  - React-RCTText (from `../node_modules/react-native/Libraries/Text`)
  - React-RCTVibration (from `../node_modules/react-native/Libraries/Vibration`)
  - React-runtimeexecutor (from `../node_modules/react-native/ReactCommon/runtimeexecutor`)
  - ReactCommon/turbomodule/core (from `../node_modules/react-native/ReactCommon`)
  - "RNCAsyncStorage (from `../node_modules/@react-native-community/async-storage`)"
  - Yoga (from `../node_modules/react-native/ReactCommon/yoga`)

SPEC REPOS:
  trunk:
    - boost-for-react-native
    - CocoaAsyncSocket
    - Flipper
    - Flipper-Boost-iOSX
    - Flipper-DoubleConversion
    - Flipper-Fmt
    - Flipper-Folly
    - Flipper-Glog
    - Flipper-PeerTalk
    - Flipper-RSocket
    - FlipperKit
    - fmt
    - hermes-engine
    - libevent
    - OpenSSL-Universal
    - YogaKit

EXTERNAL SOURCES:
  DoubleConversion:
    :podspec: "../node_modules/react-native/third-party-podspecs/DoubleConversion.podspec"
  FBLazyVector:
    :path: "../node_modules/react-native/Libraries/FBLazyVector"
  FBReactNativeSpec:
    :path: "../node_modules/react-native/React/FBReactNativeSpec"
  glog:
    :podspec: "../node_modules/react-native/third-party-podspecs/glog.podspec"
  RCT-Folly:
    :podspec: "../node_modules/react-native/third-party-podspecs/RCT-Folly.podspec"
  RCTRequired:
    :path: "../node_modules/react-native/Libraries/RCTRequired"
  RCTTypeSafety:
    :path: "../node_modules/react-native/Libraries/TypeSafety"
  React:
    :path: "../node_modules/react-native/"
  React-callinvoker:
    :path: "../node_modules/react-native/ReactCommon/callinvoker"
  React-Core:
    :path: "../node_modules/react-native/"
  React-CoreModules:
    :path: "../node_modules/react-native/React/CoreModules"
  React-cxxreact:
    :path: "../node_modules/react-native/ReactCommon/cxxreact"
  React-hermes:
    :path: "../node_modules/react-native/ReactCommon/hermes"
  React-jsi:
    :path: "../node_modules/react-native/ReactCommon/jsi"
  React-jsiexecutor:
    :path: "../node_modules/react-native/ReactCommon/jsiexecutor"
  React-jsinspector:
    :path: "../node_modules/react-native/ReactCommon/jsinspector"
  react-native-flipper:
    :path: "../node_modules/react-native-flipper"
  React-perflogger:
    :path: "../node_modules/react-native/ReactCommon/reactperflogger"
  React-RCTActionSheet:
    :path: "../node_modules/react-native/Libraries/ActionSheetIOS"
  React-RCTAnimation:
    :path: "../node_modules/react-native/Libraries/NativeAnimation"
  React-RCTBlob:
    :path: "../node_modules/react-native/Libraries/Blob"
  React-RCTImage:
    :path: "../node_modules/react-native/Libraries/Image"
  React-RCTLinking:
    :path: "../node_modules/react-native/Libraries/LinkingIOS"
  React-RCTNetwork:
    :path: "../node_modules/react-native/Libraries/Network"
  React-RCTSettings:
    :path: "../node_modules/react-native/Libraries/Settings"
  React-RCTText:
    :path: "../node_modules/react-native/Libraries/Text"
  React-RCTVibration:
    :path: "../node_modules/react-native/Libraries/Vibration"
  React-runtimeexecutor:
    :path: "../node_modules/react-native/ReactCommon/runtimeexecutor"
  ReactCommon:
    :path: "../node_modules/react-native/ReactCommon"
  RNCAsyncStorage:
    :path: "../node_modules/@react-native-community/async-storage"
  Yoga:
    :path: "../node_modules/react-native/ReactCommon/yoga"

SPEC CHECKSUMS:
  boost-for-react-native: 39c7adb57c4e60d6c5479dd8623128eb5b3f0f2c
  CocoaAsyncSocket: 065fd1e645c7abab64f7a6a2007a48038fdc6a99
  DoubleConversion: 831926d9b8bf8166fd87886c4abab286c2422662
  FBLazyVector: a16d06343a1deae867ae52eff019c93c1f4ef82e
  FBReactNativeSpec: 7fc77abf6d50cde5afbbe73d5a18570409557b84
  Flipper: 0560bdd1353e9fdaf2605c35cc04e7233780d01f
  Flipper-Boost-iOSX: fd1e2b8cbef7e662a122412d7ac5f5bea715403c
  Flipper-DoubleConversion: 57ffbe81ef95306cc9e69c4aa3aeeeeb58a6a28c
  Flipper-Fmt: 60cbdd92fc254826e61d669a5d87ef7015396a9b
  Flipper-Folly: 4c7cf530a9038ae25b0fa37e00b00491c467aaea
  Flipper-Glog: 05579840e2750ec907ee2f81544f41ad76a7cae4
  Flipper-PeerTalk: 116d8f857dc6ef55c7a5a75ea3ceaafe878aadc9
  Flipper-RSocket: d9d9ade67cbecf6ac10730304bf5607266dd2541
  FlipperKit: 2685e108cd61d4224effc3c2d013512b2a503f63
  fmt: ff9d55029c625d3757ed641535fd4a75fedc7ce9
  glog: 5337263514dd6f09803962437687240c5dc39aa4
  hermes-engine: 7dcd1dbd908e6353bd7e4a4add72dba7bf76bf84
  libevent: 4049cae6c81cdb3654a443be001fb9bdceff7913
  OpenSSL-Universal: ebc357f1e6bc71fa463ccb2fe676756aff50e88c
  RCT-Folly: 0dd9e1eb86348ecab5ba76f910b56f4b5fef3c46
  RCTRequired: 472fdbee2116e50e07e5d9f6f57c2dcc0b1f8a76
  RCTTypeSafety: 0285ea23e2315599e5e1d235f8eb7ca96850fa9e
  React: 1b43345efb5f0f223fcc3dcb4376b0cfbc520349
  React-callinvoker: ba1fa1214ee89c242b56306851a4a831e4d93fe8
  React-Core: c3763c34f8f4c77e1c0ae1529342234ac365a94d
  React-CoreModules: 187020ec8133ec32e43e99d784fe9f53441f7bb6
  React-cxxreact: 6a203cfb3a167a639f6853871841f2d8eaf8307e
  React-hermes: d07cbba89c88733e4d457d4dc1fda8842e8bec50
  React-jsi: 8ebcb34f2baa4ecdf3ce587348c6638b5f880b38
  React-jsiexecutor: 60ec3f896ea8be397d0e74cbe9f023c996507415
  React-jsinspector: 8c816d196de1e106aca03a2afc7a1c1f231165c0
  react-native-flipper: 1943b82f2e494c77b741eb1ed257b6734a334b83
  React-perflogger: ac9993fb3dfc18617b5a3ed2aa52c687188b0b48
  React-RCTActionSheet: d2244dbb3d22f8e3097727ee54f7e154c9d86169
  React-RCTAnimation: ae081f798207e1e5b1d719aebd8892838620e35b
  React-RCTBlob: 597c927fa4081e5348024e80d52d6b41ea871e01
  React-RCTImage: adb0871af0ae38ac1ee1c3a1b80b80392c310a07
  React-RCTLinking: 666fa7672f8b14899e4657a882d3560189787047
  React-RCTNetwork: f8d64126bf3dc7b54ec349f0730f587dec067204
  React-RCTSettings: e7dd327d1629c825d76778767998719613d34fbb
  React-RCTText: f323e573ae77549019a0ba82e0ef637dad0151d9
  React-RCTVibration: 059f6ca86faefd17af2b35ff81eb5d337ac759ea
  React-runtimeexecutor: 6a4f07b51fae7760bf30a2adc22104835870a1c4
  ReactCommon: 180ff5ccf259754ce705063e8e93df72189ccc9f
  RNCAsyncStorage: b03032fdbdb725bea0bd9e5ec5a7272865ae7398
  Yoga: 3cd4ce8fb888448497bed1c8f26369ad2c016a9c
  YogaKit: f782866e155069a2cca2517aafea43200b01fd5a

PODFILE CHECKSUM: 2bf9ce1086ecd62bb600c9d4605da9edd6db20f6

COCOAPODS: 1.10.2
