PODS:
  - boost (1.76.0)
  - CocoaAsyncSocket (7.6.5)
  - DoubleConversion (1.1.6)
  - FBLazyVector (0.67.0-rc.0)
  - FBReactNativeSpec (0.67.0-rc.0):
    - RCT-Folly (= 2021.06.28.00-v2)
    - RCTRequired (= 0.67.0-rc.0)
    - RCTTypeSafety (= 0.67.0-rc.0)
    - React-Core (= 0.67.0-rc.0)
    - React-jsi (= 0.67.0-rc.0)
    - ReactCommon/turbomodule/core (= 0.67.0-rc.0)
  - Flipper (0.111.0):
    - Flipper-Folly (~> 2.6)
    - Flipper-RSocket (~> 1.4)
  - Flipper-Boost-iOSX (1.76.0.1.11)
  - Flipper-DoubleConversion (3.1.7)
  - Flipper-Fmt (7.1.7)
  - Flipper-Folly (2.6.9):
    - Flipper-Boost-iOSX
    - Flipper-DoubleConversion
    - Flipper-Fmt (= 7.1.7)
    - Flipper-Glog
    - libevent (~> 2.1.12)
    - OpenSSL-Universal (= 1.1.1100)
  - Flipper-Glog (0.3.9)
  - Flipper-PeerTalk (0.0.4)
  - Flipper-RSocket (1.4.3):
    - Flipper-Folly (~> 2.6)
  - FlipperKit (0.111.0):
    - FlipperKit/Core (= 0.111.0)
  - FlipperKit/Core (0.111.0):
    - Flipper (~> 0.111.0)
    - FlipperKit/CppBridge
    - FlipperKit/FBCxxFollyDynamicConvert
    - FlipperKit/FBDefines
    - FlipperKit/FKPortForwarding
    - SocketRocket (~> 0.6.0)
  - FlipperKit/CppBridge (0.111.0):
    - Flipper (~> 0.111.0)
  - FlipperKit/FBCxxFollyDynamicConvert (0.111.0):
    - Flipper-Folly (~> 2.6)
  - FlipperKit/FBDefines (0.111.0)
  - FlipperKit/FKPortForwarding (0.111.0):
    - CocoaAsyncSocket (~> 7.6)
    - Flipper-PeerTalk (~> 0.0.4)
  - FlipperKit/FlipperKitHighlightOverlay (0.111.0)
  - FlipperKit/FlipperKitLayoutHelpers (0.111.0):
    - FlipperKit/Core
    - FlipperKit/FlipperKitHighlightOverlay
    - FlipperKit/FlipperKitLayoutTextSearchable
  - FlipperKit/FlipperKitLayoutIOSDescriptors (0.111.0):
    - FlipperKit/Core
    - FlipperKit/FlipperKitHighlightOverlay
    - FlipperKit/FlipperKitLayoutHelpers
    - YogaKit (~> 1.18)
  - FlipperKit/FlipperKitLayoutPlugin (0.111.0):
    - FlipperKit/Core
    - FlipperKit/FlipperKitHighlightOverlay
    - FlipperKit/FlipperKitLayoutHelpers
    - FlipperKit/FlipperKitLayoutIOSDescriptors
    - FlipperKit/FlipperKitLayoutTextSearchable
    - YogaKit (~> 1.18)
  - FlipperKit/FlipperKitLayoutTextSearchable (0.111.0)
  - FlipperKit/FlipperKitNetworkPlugin (0.111.0):
    - FlipperKit/Core
  - FlipperKit/FlipperKitReactPlugin (0.111.0):
    - FlipperKit/Core
  - FlipperKit/FlipperKitUserDefaultsPlugin (0.111.0):
    - FlipperKit/Core
  - FlipperKit/SKIOSNetworkPlugin (0.111.0):
    - FlipperKit/Core
    - FlipperKit/FlipperKitNetworkPlugin
  - fmt (6.2.1)
  - glog (0.3.5)
  - hermes-engine (0.9.0)
  - libevent (2.1.12)
  - OpenSSL-Universal (1.1.1100)
  - RCT-Folly (2021.06.28.00-v2):
    - boost
    - DoubleConversion
    - fmt (~> 6.2.1)
    - glog
    - RCT-Folly/Default (= 2021.06.28.00-v2)
  - RCT-Folly/Default (2021.06.28.00-v2):
    - boost
    - DoubleConversion
    - fmt (~> 6.2.1)
    - glog
  - RCT-Folly/Futures (2021.06.28.00-v2):
    - boost
    - DoubleConversion
    - fmt (~> 6.2.1)
    - glog
    - libevent
  - RCTRequired (0.67.0-rc.0)
  - RCTTypeSafety (0.67.0-rc.0):
    - FBLazyVector (= 0.67.0-rc.0)
    - RCT-Folly (= 2021.06.28.00-v2)
    - RCTRequired (= 0.67.0-rc.0)
    - React-Core (= 0.67.0-rc.0)
  - React (0.67.0-rc.0):
    - React-Core (= 0.67.0-rc.0)
    - React-Core/DevSupport (= 0.67.0-rc.0)
    - React-Core/RCTWebSocket (= 0.67.0-rc.0)
    - React-RCTActionSheet (= 0.67.0-rc.0)
    - React-RCTAnimation (= 0.67.0-rc.0)
    - React-RCTBlob (= 0.67.0-rc.0)
    - React-RCTImage (= 0.67.0-rc.0)
    - React-RCTLinking (= 0.67.0-rc.0)
    - React-RCTNetwork (= 0.67.0-rc.0)
    - React-RCTSettings (= 0.67.0-rc.0)
    - React-RCTText (= 0.67.0-rc.0)
    - React-RCTVibration (= 0.67.0-rc.0)
  - React-callinvoker (0.67.0-rc.0)
  - React-Core (0.67.0-rc.0):
    - glog
    - RCT-Folly (= 2021.06.28.00-v2)
    - React-Core/Default (= 0.67.0-rc.0)
    - React-cxxreact (= 0.67.0-rc.0)
    - React-jsi (= 0.67.0-rc.0)
    - React-jsiexecutor (= 0.67.0-rc.0)
    - React-perflogger (= 0.67.0-rc.0)
    - Yoga
  - React-Core/CoreModulesHeaders (0.67.0-rc.0):
    - glog
    - RCT-Folly (= 2021.06.28.00-v2)
    - React-Core/Default
    - React-cxxreact (= 0.67.0-rc.0)
    - React-jsi (= 0.67.0-rc.0)
    - React-jsiexecutor (= 0.67.0-rc.0)
    - React-perflogger (= 0.67.0-rc.0)
    - Yoga
  - React-Core/Default (0.67.0-rc.0):
    - glog
    - RCT-Folly (= 2021.06.28.00-v2)
    - React-cxxreact (= 0.67.0-rc.0)
    - React-jsi (= 0.67.0-rc.0)
    - React-jsiexecutor (= 0.67.0-rc.0)
    - React-perflogger (= 0.67.0-rc.0)
    - Yoga
  - React-Core/DevSupport (0.67.0-rc.0):
    - glog
    - RCT-Folly (= 2021.06.28.00-v2)
    - React-Core/Default (= 0.67.0-rc.0)
    - React-Core/RCTWebSocket (= 0.67.0-rc.0)
    - React-cxxreact (= 0.67.0-rc.0)
    - React-jsi (= 0.67.0-rc.0)
    - React-jsiexecutor (= 0.67.0-rc.0)
    - React-jsinspector (= 0.67.0-rc.0)
    - React-perflogger (= 0.67.0-rc.0)
    - Yoga
  - React-Core/RCTActionSheetHeaders (0.67.0-rc.0):
    - glog
    - RCT-Folly (= 2021.06.28.00-v2)
    - React-Core/Default
    - React-cxxreact (= 0.67.0-rc.0)
    - React-jsi (= 0.67.0-rc.0)
    - React-jsiexecutor (= 0.67.0-rc.0)
    - React-perflogger (= 0.67.0-rc.0)
    - Yoga
  - React-Core/RCTAnimationHeaders (0.67.0-rc.0):
    - glog
    - RCT-Folly (= 2021.06.28.00-v2)
    - React-Core/Default
    - React-cxxreact (= 0.67.0-rc.0)
    - React-jsi (= 0.67.0-rc.0)
    - React-jsiexecutor (= 0.67.0-rc.0)
    - React-perflogger (= 0.67.0-rc.0)
    - Yoga
  - React-Core/RCTBlobHeaders (0.67.0-rc.0):
    - glog
    - RCT-Folly (= 2021.06.28.00-v2)
    - React-Core/Default
    - React-cxxreact (= 0.67.0-rc.0)
    - React-jsi (= 0.67.0-rc.0)
    - React-jsiexecutor (= 0.67.0-rc.0)
    - React-perflogger (= 0.67.0-rc.0)
    - Yoga
  - React-Core/RCTImageHeaders (0.67.0-rc.0):
    - glog
    - RCT-Folly (= 2021.06.28.00-v2)
    - React-Core/Default
    - React-cxxreact (= 0.67.0-rc.0)
    - React-jsi (= 0.67.0-rc.0)
    - React-jsiexecutor (= 0.67.0-rc.0)
    - React-perflogger (= 0.67.0-rc.0)
    - Yoga
  - React-Core/RCTLinkingHeaders (0.67.0-rc.0):
    - glog
    - RCT-Folly (= 2021.06.28.00-v2)
    - React-Core/Default
    - React-cxxreact (= 0.67.0-rc.0)
    - React-jsi (= 0.67.0-rc.0)
    - React-jsiexecutor (= 0.67.0-rc.0)
    - React-perflogger (= 0.67.0-rc.0)
    - Yoga
  - React-Core/RCTNetworkHeaders (0.67.0-rc.0):
    - glog
    - RCT-Folly (= 2021.06.28.00-v2)
    - React-Core/Default
    - React-cxxreact (= 0.67.0-rc.0)
    - React-jsi (= 0.67.0-rc.0)
    - React-jsiexecutor (= 0.67.0-rc.0)
    - React-perflogger (= 0.67.0-rc.0)
    - Yoga
  - React-Core/RCTSettingsHeaders (0.67.0-rc.0):
    - glog
    - RCT-Folly (= 2021.06.28.00-v2)
    - React-Core/Default
    - React-cxxreact (= 0.67.0-rc.0)
    - React-jsi (= 0.67.0-rc.0)
    - React-jsiexecutor (= 0.67.0-rc.0)
    - React-perflogger (= 0.67.0-rc.0)
    - Yoga
  - React-Core/RCTTextHeaders (0.67.0-rc.0):
    - glog
    - RCT-Folly (= 2021.06.28.00-v2)
    - React-Core/Default
    - React-cxxreact (= 0.67.0-rc.0)
    - React-jsi (= 0.67.0-rc.0)
    - React-jsiexecutor (= 0.67.0-rc.0)
    - React-perflogger (= 0.67.0-rc.0)
    - Yoga
  - React-Core/RCTVibrationHeaders (0.67.0-rc.0):
    - glog
    - RCT-Folly (= 2021.06.28.00-v2)
    - React-Core/Default
    - React-cxxreact (= 0.67.0-rc.0)
    - React-jsi (= 0.67.0-rc.0)
    - React-jsiexecutor (= 0.67.0-rc.0)
    - React-perflogger (= 0.67.0-rc.0)
    - Yoga
  - React-Core/RCTWebSocket (0.67.0-rc.0):
    - glog
    - RCT-Folly (= 2021.06.28.00-v2)
    - React-Core/Default (= 0.67.0-rc.0)
    - React-cxxreact (= 0.67.0-rc.0)
    - React-jsi (= 0.67.0-rc.0)
    - React-jsiexecutor (= 0.67.0-rc.0)
    - React-perflogger (= 0.67.0-rc.0)
    - Yoga
  - React-CoreModules (0.67.0-rc.0):
    - FBReactNativeSpec (= 0.67.0-rc.0)
    - RCT-Folly (= 2021.06.28.00-v2)
    - RCTTypeSafety (= 0.67.0-rc.0)
    - React-Core/CoreModulesHeaders (= 0.67.0-rc.0)
    - React-jsi (= 0.67.0-rc.0)
    - React-RCTImage (= 0.67.0-rc.0)
    - ReactCommon/turbomodule/core (= 0.67.0-rc.0)
  - React-cxxreact (0.67.0-rc.0):
    - boost (= 1.76.0)
    - DoubleConversion
    - glog
    - RCT-Folly (= 2021.06.28.00-v2)
    - React-callinvoker (= 0.67.0-rc.0)
    - React-jsi (= 0.67.0-rc.0)
    - React-jsinspector (= 0.67.0-rc.0)
    - React-logger (= 0.67.0-rc.0)
    - React-perflogger (= 0.67.0-rc.0)
    - React-runtimeexecutor (= 0.67.0-rc.0)
  - React-hermes (0.67.0-rc.0):
    - DoubleConversion
    - glog
    - hermes-engine
    - RCT-Folly (= 2021.06.28.00-v2)
    - RCT-Folly/Futures (= 2021.06.28.00-v2)
    - React-cxxreact (= 0.67.0-rc.0)
    - React-jsi (= 0.67.0-rc.0)
    - React-jsiexecutor (= 0.67.0-rc.0)
    - React-jsinspector (= 0.67.0-rc.0)
    - React-perflogger (= 0.67.0-rc.0)
  - React-jsi (0.67.0-rc.0):
    - boost (= 1.76.0)
    - DoubleConversion
    - glog
    - RCT-Folly (= 2021.06.28.00-v2)
    - React-jsi/Default (= 0.67.0-rc.0)
  - React-jsi/Default (0.67.0-rc.0):
    - boost (= 1.76.0)
    - DoubleConversion
    - glog
    - RCT-Folly (= 2021.06.28.00-v2)
  - React-jsiexecutor (0.67.0-rc.0):
    - DoubleConversion
    - glog
    - RCT-Folly (= 2021.06.28.00-v2)
    - React-cxxreact (= 0.67.0-rc.0)
    - React-jsi (= 0.67.0-rc.0)
    - React-perflogger (= 0.67.0-rc.0)
  - React-jsinspector (0.67.0-rc.0)
  - React-logger (0.67.0-rc.0):
    - glog
  - react-native-flipper (0.114.0):
    - React-Core
  - react-native-safe-area-context (3.3.2):
    - React-Core
  - React-perflogger (0.67.0-rc.0)
  - React-RCTActionSheet (0.67.0-rc.0):
    - React-Core/RCTActionSheetHeaders (= 0.67.0-rc.0)
  - React-RCTAnimation (0.67.0-rc.0):
    - FBReactNativeSpec (= 0.67.0-rc.0)
    - RCT-Folly (= 2021.06.28.00-v2)
    - RCTTypeSafety (= 0.67.0-rc.0)
    - React-Core/RCTAnimationHeaders (= 0.67.0-rc.0)
    - React-jsi (= 0.67.0-rc.0)
    - ReactCommon/turbomodule/core (= 0.67.0-rc.0)
  - React-RCTBlob (0.67.0-rc.0):
    - FBReactNativeSpec (= 0.67.0-rc.0)
    - RCT-Folly (= 2021.06.28.00-v2)
    - React-Core/RCTBlobHeaders (= 0.67.0-rc.0)
    - React-Core/RCTWebSocket (= 0.67.0-rc.0)
    - React-jsi (= 0.67.0-rc.0)
    - React-RCTNetwork (= 0.67.0-rc.0)
    - ReactCommon/turbomodule/core (= 0.67.0-rc.0)
  - React-RCTImage (0.67.0-rc.0):
    - FBReactNativeSpec (= 0.67.0-rc.0)
    - RCT-Folly (= 2021.06.28.00-v2)
    - RCTTypeSafety (= 0.67.0-rc.0)
    - React-Core/RCTImageHeaders (= 0.67.0-rc.0)
    - React-jsi (= 0.67.0-rc.0)
    - React-RCTNetwork (= 0.67.0-rc.0)
    - ReactCommon/turbomodule/core (= 0.67.0-rc.0)
  - React-RCTLinking (0.67.0-rc.0):
    - FBReactNativeSpec (= 0.67.0-rc.0)
    - React-Core/RCTLinkingHeaders (= 0.67.0-rc.0)
    - React-jsi (= 0.67.0-rc.0)
    - ReactCommon/turbomodule/core (= 0.67.0-rc.0)
  - React-RCTNetwork (0.67.0-rc.0):
    - FBReactNativeSpec (= 0.67.0-rc.0)
    - RCT-Folly (= 2021.06.28.00-v2)
    - RCTTypeSafety (= 0.67.0-rc.0)
    - React-Core/RCTNetworkHeaders (= 0.67.0-rc.0)
    - React-jsi (= 0.67.0-rc.0)
    - ReactCommon/turbomodule/core (= 0.67.0-rc.0)
  - React-RCTSettings (0.67.0-rc.0):
    - FBReactNativeSpec (= 0.67.0-rc.0)
    - RCT-Folly (= 2021.06.28.00-v2)
    - RCTTypeSafety (= 0.67.0-rc.0)
    - React-Core/RCTSettingsHeaders (= 0.67.0-rc.0)
    - React-jsi (= 0.67.0-rc.0)
    - ReactCommon/turbomodule/core (= 0.67.0-rc.0)
  - React-RCTText (0.67.0-rc.0):
    - React-Core/RCTTextHeaders (= 0.67.0-rc.0)
  - React-RCTVibration (0.67.0-rc.0):
    - FBReactNativeSpec (= 0.67.0-rc.0)
    - RCT-Folly (= 2021.06.28.00-v2)
    - React-Core/RCTVibrationHeaders (= 0.67.0-rc.0)
    - React-jsi (= 0.67.0-rc.0)
    - ReactCommon/turbomodule/core (= 0.67.0-rc.0)
  - React-runtimeexecutor (0.67.0-rc.0):
    - React-jsi (= 0.67.0-rc.0)
  - ReactCommon/turbomodule/core (0.67.0-rc.0):
    - DoubleConversion
    - glog
    - RCT-Folly (= 2021.06.28.00-v2)
    - React-callinvoker (= 0.67.0-rc.0)
    - React-Core (= 0.67.0-rc.0)
    - React-cxxreact (= 0.67.0-rc.0)
    - React-jsi (= 0.67.0-rc.0)
    - React-logger (= 0.67.0-rc.0)
    - React-perflogger (= 0.67.0-rc.0)
  - RNCAsyncStorage (1.12.1):
    - React-Core
  - RNCCheckbox (0.5.8):
    - React-Core
  - RNScreens (3.8.0):
    - React-Core
    - React-RCTImage
  - SocketRocket (0.6.0)
  - Yoga (1.14.0)
  - YogaKit (1.18.1):
    - Yoga (~> 1.14)

DEPENDENCIES:
  - boost (from `../node_modules/react-native/third-party-podspecs/boost.podspec`)
  - DoubleConversion (from `../node_modules/react-native/third-party-podspecs/DoubleConversion.podspec`)
  - FBLazyVector (from `../node_modules/react-native/Libraries/FBLazyVector`)
  - FBReactNativeSpec (from `../node_modules/react-native/React/FBReactNativeSpec`)
  - Flipper (= 0.111.0)
  - Flipper-Boost-iOSX (= 1.76.0.1.11)
  - Flipper-DoubleConversion (= 3.1.7)
  - Flipper-Fmt (= 7.1.7)
  - Flipper-Folly (= 2.6.9)
  - Flipper-Glog (= 0.3.9)
  - Flipper-PeerTalk (= 0.0.4)
  - Flipper-RSocket (= 1.4.3)
  - FlipperKit (= 0.111.0)
  - FlipperKit/Core (= 0.111.0)
  - FlipperKit/CppBridge (= 0.111.0)
  - FlipperKit/FBCxxFollyDynamicConvert (= 0.111.0)
  - FlipperKit/FBDefines (= 0.111.0)
  - FlipperKit/FKPortForwarding (= 0.111.0)
  - FlipperKit/FlipperKitHighlightOverlay (= 0.111.0)
  - FlipperKit/FlipperKitLayoutPlugin (= 0.111.0)
  - FlipperKit/FlipperKitLayoutTextSearchable (= 0.111.0)
  - FlipperKit/FlipperKitNetworkPlugin (= 0.111.0)
  - FlipperKit/FlipperKitReactPlugin (= 0.111.0)
  - FlipperKit/FlipperKitUserDefaultsPlugin (= 0.111.0)
  - FlipperKit/SKIOSNetworkPlugin (= 0.111.0)
  - glog (from `../node_modules/react-native/third-party-podspecs/glog.podspec`)
  - hermes-engine (~> 0.9.0)
  - libevent (~> 2.1.12)
  - OpenSSL-Universal (= 1.1.1100)
  - RCT-Folly (from `../node_modules/react-native/third-party-podspecs/RCT-Folly.podspec`)
  - RCTRequired (from `../node_modules/react-native/Libraries/RCTRequired`)
  - RCTTypeSafety (from `../node_modules/react-native/Libraries/TypeSafety`)
  - React (from `../node_modules/react-native/`)
  - React-callinvoker (from `../node_modules/react-native/ReactCommon/callinvoker`)
  - React-Core (from `../node_modules/react-native/`)
  - React-Core/DevSupport (from `../node_modules/react-native/`)
  - React-Core/RCTWebSocket (from `../node_modules/react-native/`)
  - React-CoreModules (from `../node_modules/react-native/React/CoreModules`)
  - React-cxxreact (from `../node_modules/react-native/ReactCommon/cxxreact`)
  - React-hermes (from `../node_modules/react-native/ReactCommon/hermes`)
  - React-jsi (from `../node_modules/react-native/ReactCommon/jsi`)
  - React-jsiexecutor (from `../node_modules/react-native/ReactCommon/jsiexecutor`)
  - React-jsinspector (from `../node_modules/react-native/ReactCommon/jsinspector`)
  - React-logger (from `../node_modules/react-native/ReactCommon/logger`)
  - react-native-flipper (from `../node_modules/react-native-flipper`)
  - react-native-safe-area-context (from `../node_modules/react-native-safe-area-context`)
  - React-perflogger (from `../node_modules/react-native/ReactCommon/reactperflogger`)
  - React-RCTActionSheet (from `../node_modules/react-native/Libraries/ActionSheetIOS`)
  - React-RCTAnimation (from `../node_modules/react-native/Libraries/NativeAnimation`)
  - React-RCTBlob (from `../node_modules/react-native/Libraries/Blob`)
  - React-RCTImage (from `../node_modules/react-native/Libraries/Image`)
  - React-RCTLinking (from `../node_modules/react-native/Libraries/LinkingIOS`)
  - React-RCTNetwork (from `../node_modules/react-native/Libraries/Network`)
  - React-RCTSettings (from `../node_modules/react-native/Libraries/Settings`)
  - React-RCTText (from `../node_modules/react-native/Libraries/Text`)
  - React-RCTVibration (from `../node_modules/react-native/Libraries/Vibration`)
  - React-runtimeexecutor (from `../node_modules/react-native/ReactCommon/runtimeexecutor`)
  - ReactCommon/turbomodule/core (from `../node_modules/react-native/ReactCommon`)
  - "RNCAsyncStorage (from `../node_modules/@react-native-community/async-storage`)"
  - "RNCCheckbox (from `../node_modules/@react-native-community/checkbox`)"
  - RNScreens (from `../node_modules/react-native-screens`)
  - Yoga (from `../node_modules/react-native/ReactCommon/yoga`)

SPEC REPOS:
  trunk:
    - CocoaAsyncSocket
    - Flipper
    - Flipper-Boost-iOSX
    - Flipper-DoubleConversion
    - Flipper-Fmt
    - Flipper-Folly
    - Flipper-Glog
    - Flipper-PeerTalk
    - Flipper-RSocket
    - FlipperKit
    - fmt
    - hermes-engine
    - libevent
    - OpenSSL-Universal
    - SocketRocket
    - YogaKit

EXTERNAL SOURCES:
  boost:
    :podspec: "../node_modules/react-native/third-party-podspecs/boost.podspec"
  DoubleConversion:
    :podspec: "../node_modules/react-native/third-party-podspecs/DoubleConversion.podspec"
  FBLazyVector:
    :path: "../node_modules/react-native/Libraries/FBLazyVector"
  FBReactNativeSpec:
    :path: "../node_modules/react-native/React/FBReactNativeSpec"
  glog:
    :podspec: "../node_modules/react-native/third-party-podspecs/glog.podspec"
  RCT-Folly:
    :podspec: "../node_modules/react-native/third-party-podspecs/RCT-Folly.podspec"
  RCTRequired:
    :path: "../node_modules/react-native/Libraries/RCTRequired"
  RCTTypeSafety:
    :path: "../node_modules/react-native/Libraries/TypeSafety"
  React:
    :path: "../node_modules/react-native/"
  React-callinvoker:
    :path: "../node_modules/react-native/ReactCommon/callinvoker"
  React-Core:
    :path: "../node_modules/react-native/"
  React-CoreModules:
    :path: "../node_modules/react-native/React/CoreModules"
  React-cxxreact:
    :path: "../node_modules/react-native/ReactCommon/cxxreact"
  React-hermes:
    :path: "../node_modules/react-native/ReactCommon/hermes"
  React-jsi:
    :path: "../node_modules/react-native/ReactCommon/jsi"
  React-jsiexecutor:
    :path: "../node_modules/react-native/ReactCommon/jsiexecutor"
  React-jsinspector:
    :path: "../node_modules/react-native/ReactCommon/jsinspector"
  React-logger:
    :path: "../node_modules/react-native/ReactCommon/logger"
  react-native-flipper:
    :path: "../node_modules/react-native-flipper"
  react-native-safe-area-context:
    :path: "../node_modules/react-native-safe-area-context"
  React-perflogger:
    :path: "../node_modules/react-native/ReactCommon/reactperflogger"
  React-RCTActionSheet:
    :path: "../node_modules/react-native/Libraries/ActionSheetIOS"
  React-RCTAnimation:
    :path: "../node_modules/react-native/Libraries/NativeAnimation"
  React-RCTBlob:
    :path: "../node_modules/react-native/Libraries/Blob"
  React-RCTImage:
    :path: "../node_modules/react-native/Libraries/Image"
  React-RCTLinking:
    :path: "../node_modules/react-native/Libraries/LinkingIOS"
  React-RCTNetwork:
    :path: "../node_modules/react-native/Libraries/Network"
  React-RCTSettings:
    :path: "../node_modules/react-native/Libraries/Settings"
  React-RCTText:
    :path: "../node_modules/react-native/Libraries/Text"
  React-RCTVibration:
    :path: "../node_modules/react-native/Libraries/Vibration"
  React-runtimeexecutor:
    :path: "../node_modules/react-native/ReactCommon/runtimeexecutor"
  ReactCommon:
    :path: "../node_modules/react-native/ReactCommon"
  RNCAsyncStorage:
    :path: "../node_modules/@react-native-community/async-storage"
  RNCCheckbox:
    :path: "../node_modules/@react-native-community/checkbox"
  RNScreens:
    :path: "../node_modules/react-native-screens"
  Yoga:
    :path: "../node_modules/react-native/ReactCommon/yoga"

SPEC CHECKSUMS:
  boost: a7c83b31436843459a1961bfd74b96033dc77234
  CocoaAsyncSocket: 065fd1e645c7abab64f7a6a2007a48038fdc6a99
  DoubleConversion: 831926d9b8bf8166fd87886c4abab286c2422662
  FBLazyVector: 2bb3717e26358b6a664ce73175790113a85683b5
  FBReactNativeSpec: 1167e84c1dd737d7e2c8ce26d71048ff96f46ead
  Flipper: 4cc0b8f0141f9042f1fae58dbd0cc3c7bd948ed6
  Flipper-Boost-iOSX: fd1e2b8cbef7e662a122412d7ac5f5bea715403c
  Flipper-DoubleConversion: 57ffbe81ef95306cc9e69c4aa3aeeeeb58a6a28c
  Flipper-Fmt: 60cbdd92fc254826e61d669a5d87ef7015396a9b
  Flipper-Folly: 4c7cf530a9038ae25b0fa37e00b00491c467aaea
  Flipper-Glog: 05579840e2750ec907ee2f81544f41ad76a7cae4
  Flipper-PeerTalk: 116d8f857dc6ef55c7a5a75ea3ceaafe878aadc9
  Flipper-RSocket: d9d9ade67cbecf6ac10730304bf5607266dd2541
  FlipperKit: 5f4d44fd999cee05c337a0dc3f9e876cb40496c0
  fmt: ff9d55029c625d3757ed641535fd4a75fedc7ce9
  glog: 85ecdd10ee8d8ec362ef519a6a45ff9aa27b2e85
  hermes-engine: bf7577d12ac6ccf53ab8b5af3c6ccf0dd8458c5c
  libevent: 4049cae6c81cdb3654a443be001fb9bdceff7913
  OpenSSL-Universal: ebc357f1e6bc71fa463ccb2fe676756aff50e88c
  RCT-Folly: 803a9cfd78114b2ec0f140cfa6fa2a6bafb2d685
  RCTRequired: 3ffe2ff93963278286a3b3551bdde5e710177776
  RCTTypeSafety: 7e1e71d3f8cb22a0d7a5f1e34282db7d12e00eac
  React: c83530b1898d8b86618fd5108463cdbf2925e5d8
  React-callinvoker: 39544ac4ed8efcf85d404035aa0f4c3b28a821b1
  React-Core: ff6feab0c912f698dde5cf3a5dd5a3199cf6d80c
  React-CoreModules: 181eb1373bba2b746bb570367abd345958dafcbb
  React-cxxreact: 7288f64dc6a4749494b70f90d31c3d19c1cdb6bb
  React-hermes: 093f913e63d444f0ef52c0214b6c5ad9235cc660
  React-jsi: 2f3d86517825f3f81ce158dd9172b5cd2d5b9f8a
  React-jsiexecutor: e6c3e6f9dc6c1471819be276470ddbe70ac35e98
  React-jsinspector: fc08e6f4bca09ce911e5affe271e4cd28961427a
  React-logger: bd9c8af0dd8edac814f09bdd0e65299fb712a440
  react-native-flipper: 117dac1f1758346575933a6d62d2c472c847a7b6
  react-native-safe-area-context: 584dc04881deb49474363f3be89e4ca0e854c057
  React-perflogger: 1da82e770fe9a65d506b3df496a4d50ed8ba51a3
  React-RCTActionSheet: 01af046ebaf379acd029dca708d03f5c7124c324
  React-RCTAnimation: 97ff68ccf61840d9c9b52e37ddcb0e59bc7f3ede
  React-RCTBlob: 92c1d2adc5dd570ead0737b809087112838f9ced
  React-RCTImage: 92cf961778187446ae5d1e8da7465291927ef4ac
  React-RCTLinking: e148535150adbdfb4137104616d4fc7cec04039f
  React-RCTNetwork: 9c22c7b1f10f6c8a8cea76a74c892c32e57c8009
  React-RCTSettings: 5b30860739af1dda64486cd724f7066c0643e032
  React-RCTText: 933dfc4a9dd8f8215bda36d1a979f349f8c69a74
  React-RCTVibration: e984287863f3178d0a808f51bfeb7a8b5f21a07c
  React-runtimeexecutor: 883ffdd8e0e27fc6ccb6c66f36c6664380dcc932
  ReactCommon: adf56020429e34de92b25b41efb7decaea2b9ecd
  RNCAsyncStorage: b03032fdbdb725bea0bd9e5ec5a7272865ae7398
  RNCCheckbox: 6bd119c26c6eb8264a29d59ff66cb70a14de3349
  RNScreens: 6e1ea5787989f92b0671049b808aef64fa1ef98c
  SocketRocket: fccef3f9c5cedea1353a9ef6ada904fde10d6608
  Yoga: 080f5389e515e1d0233a75bbb9de3a4eb87d8185
  YogaKit: f782866e155069a2cca2517aafea43200b01fd5a

PODFILE CHECKSUM: fd678bb7396dee42beb7a1008e9a00b5d07dd8c7

COCOAPODS: 1.11.2
